// !$*UTF8*$!
{
	archiveVersion = 1;
	classes = {
	};
	objectVersion = 55;
	objects = {

/* Begin PBXBuildFile section */
		877921E928D86304005ED976 /* AppDelegate.swift in Sources */ = {isa = PBXBuildFile; fileRef = 877921E828D86304005ED976 /* AppDelegate.swift */; };
		877921EB28D86304005ED976 /* SceneDelegate.swift in Sources */ = {isa = PBXBuildFile; fileRef = 877921EA28D86304005ED976 /* SceneDelegate.swift */; };
		877921F028D86304005ED976 /* Main.storyboard in Resources */ = {isa = PBXBuildFile; fileRef = 877921EE28D86304005ED976 /* Main.storyboard */; };
		877921F228D86304005ED976 /* Assets.xcassets in Resources */ = {isa = PBXBuildFile; fileRef = 877921F128D86304005ED976 /* Assets.xcassets */; };
		877921F528D86304005ED976 /* LaunchScreen.storyboard in Resources */ = {isa = PBXBuildFile; fileRef = 877921F328D86304005ED976 /* LaunchScreen.storyboard */; };
		8779220428D866B0005ED976 /* MainViewController.swift in Sources */ = {isa = PBXBuildFile; fileRef = 8779220328D866B0005ED976 /* MainViewController.swift */; };
		8779220628D870D1005ED976 /* Personage.swift in Sources */ = {isa = PBXBuildFile; fileRef = 8779220528D870D1005ED976 /* Personage.swift */; };
		8779220828D87B58005ED976 /* UserActionCell.swift in Sources */ = {isa = PBXBuildFile; fileRef = 8779220728D87B58005ED976 /* UserActionCell.swift */; };
		87C3F16628DC7C9D00C43592 /* DescriptionAllPersonageTableViewController.swift in Sources */ = {isa = PBXBuildFile; fileRef = 87C3F16528DC7C9D00C43592 /* DescriptionAllPersonageTableViewController.swift */; };
		87C3F16828DC806600C43592 /* NetworkManager.swift in Sources */ = {isa = PBXBuildFile; fileRef = 87C3F16728DC806600C43592 /* NetworkManager.swift */; };
		87C3F16B28DC8EB300C43592 /* DescriptionAllPersonageTableViewCell.swift in Sources */ = {isa = PBXBuildFile; fileRef = 87C3F16A28DC8EB300C43592 /* DescriptionAllPersonageTableViewCell.swift */; };
		87C3F16D28DCE78F00C43592 /* PersonageViewController.swift in Sources */ = {isa = PBXBuildFile; fileRef = 87C3F16C28DCE78F00C43592 /* PersonageViewController.swift */; };
		87C712C728D8836900B2B5E4 /* ImageViewController.swift in Sources */ = {isa = PBXBuildFile; fileRef = 87C712C628D8836900B2B5E4 /* ImageViewController.swift */; };
		87DE3E8428E0951B00361D9F /* Alamofire in Frameworks */ = {isa = PBXBuildFile; productRef = 87DE3E8328E0951B00361D9F /* Alamofire */; };
/* End PBXBuildFile section */

/* Begin PBXFileReference section */
		877921E528D86304005ED976 /* JSON.app */ = {isa = PBXFileReference; explicitFileType = wrapper.application; includeInIndex = 0; path = JSON.app; sourceTree = BUILT_PRODUCTS_DIR; };
		877921E828D86304005ED976 /* AppDelegate.swift */ = {isa = PBXFileReference; lastKnownFileType = sourcecode.swift; path = AppDelegate.swift; sourceTree = "<group>"; };
		877921EA28D86304005ED976 /* SceneDelegate.swift */ = {isa = PBXFileReference; lastKnownFileType = sourcecode.swift; path = SceneDelegate.swift; sourceTree = "<group>"; };
		877921EF28D86304005ED976 /* Base */ = {isa = PBXFileReference; lastKnownFileType = file.storyboard; name = Base; path = Base.lproj/Main.storyboard; sourceTree = "<group>"; };
		877921F128D86304005ED976 /* Assets.xcassets */ = {isa = PBXFileReference; lastKnownFileType = folder.assetcatalog; path = Assets.xcassets; sourceTree = "<group>"; };
		877921F428D86304005ED976 /* Base */ = {isa = PBXFileReference; lastKnownFileType = file.storyboard; name = Base; path = Base.lproj/LaunchScreen.storyboard; sourceTree = "<group>"; };
		877921F628D86304005ED976 /* Info.plist */ = {isa = PBXFileReference; lastKnownFileType = text.plist.xml; path = Info.plist; sourceTree = "<group>"; };
		8779220328D866B0005ED976 /* MainViewController.swift */ = {isa = PBXFileReference; lastKnownFileType = sourcecode.swift; path = MainViewController.swift; sourceTree = "<group>"; };
		8779220528D870D1005ED976 /* Personage.swift */ = {isa = PBXFileReference; lastKnownFileType = sourcecode.swift; path = Personage.swift; sourceTree = "<group>"; };
		8779220728D87B58005ED976 /* UserActionCell.swift */ = {isa = PBXFileReference; lastKnownFileType = sourcecode.swift; path = UserActionCell.swift; sourceTree = "<group>"; };
		87C3F16528DC7C9D00C43592 /* DescriptionAllPersonageTableViewController.swift */ = {isa = PBXFileReference; lastKnownFileType = sourcecode.swift; path = DescriptionAllPersonageTableViewController.swift; sourceTree = "<group>"; };
		87C3F16728DC806600C43592 /* NetworkManager.swift */ = {isa = PBXFileReference; lastKnownFileType = sourcecode.swift; path = NetworkManager.swift; sourceTree = "<group>"; };
		87C3F16A28DC8EB300C43592 /* DescriptionAllPersonageTableViewCell.swift */ = {isa = PBXFileReference; lastKnownFileType = sourcecode.swift; path = DescriptionAllPersonageTableViewCell.swift; sourceTree = "<group>"; };
		87C3F16C28DCE78F00C43592 /* PersonageViewController.swift */ = {isa = PBXFileReference; lastKnownFileType = sourcecode.swift; name = PersonageViewController.swift; path = JSON/ViewControllers/PersonageViewController.swift; sourceTree = SOURCE_ROOT; };
		87C712C628D8836900B2B5E4 /* ImageViewController.swift */ = {isa = PBXFileReference; lastKnownFileType = sourcecode.swift; path = ImageViewController.swift; sourceTree = "<group>"; };
/* End PBXFileReference section */

/* Begin PBXFrameworksBuildPhase section */
		877921E228D86304005ED976 /* Frameworks */ = {
			isa = PBXFrameworksBuildPhase;
			buildActionMask = 2147483647;
			files = (
				87DE3E8428E0951B00361D9F /* Alamofire in Frameworks */,
			);
			runOnlyForDeploymentPostprocessing = 0;
		};
/* End PBXFrameworksBuildPhase section */

/* Begin PBXGroup section */
		877921DC28D86304005ED976 = {
			isa = PBXGroup;
			children = (
				877921E728D86304005ED976 /* JSON */,
				877921E628D86304005ED976 /* Products */,
			);
			sourceTree = "<group>";
		};
		877921E628D86304005ED976 /* Products */ = {
			isa = PBXGroup;
			children = (
				877921E528D86304005ED976 /* JSON.app */,
			);
			name = Products;
			sourceTree = "<group>";
		};
		877921E728D86304005ED976 /* JSON */ = {
			isa = PBXGroup;
			children = (
				87C3F16928DC807200C43592 /* NetworkSession */,
				877921FC28D86327005ED976 /* App */,
				8779220928D87BB4005ED976 /* View */,
				877921FD28D86371005ED976 /* ViewControllers */,
				8779220228D863BC005ED976 /* Storyboards */,
				8779220028D86398005ED976 /* Model */,
				8779220128D863A0005ED976 /* Resourses */,
			);
			path = JSON;
			sourceTree = "<group>";
		};
		877921FC28D86327005ED976 /* App */ = {
			isa = PBXGroup;
			children = (
				877921E828D86304005ED976 /* AppDelegate.swift */,
				877921EA28D86304005ED976 /* SceneDelegate.swift */,
				877921F628D86304005ED976 /* Info.plist */,
			);
			path = App;
			sourceTree = "<group>";
		};
		877921FD28D86371005ED976 /* ViewControllers */ = {
			isa = PBXGroup;
			children = (
				8779220328D866B0005ED976 /* MainViewController.swift */,
				87C3F16528DC7C9D00C43592 /* DescriptionAllPersonageTableViewController.swift */,
				87C3F16C28DCE78F00C43592 /* PersonageViewController.swift */,
				87C712C628D8836900B2B5E4 /* ImageViewController.swift */,
			);
			path = ViewControllers;
			sourceTree = "<group>";
		};
		8779220028D86398005ED976 /* Model */ = {
			isa = PBXGroup;
			children = (
				8779220528D870D1005ED976 /* Personage.swift */,
			);
			path = Model;
			sourceTree = "<group>";
		};
		8779220128D863A0005ED976 /* Resourses */ = {
			isa = PBXGroup;
			children = (
				877921F128D86304005ED976 /* Assets.xcassets */,
			);
			path = Resourses;
			sourceTree = "<group>";
		};
		8779220228D863BC005ED976 /* Storyboards */ = {
			isa = PBXGroup;
			children = (
				877921EE28D86304005ED976 /* Main.storyboard */,
				877921F328D86304005ED976 /* LaunchScreen.storyboard */,
			);
			path = Storyboards;
			sourceTree = "<group>";
		};
		8779220928D87BB4005ED976 /* View */ = {
			isa = PBXGroup;
			children = (
				8779220728D87B58005ED976 /* UserActionCell.swift */,
				87C3F16A28DC8EB300C43592 /* DescriptionAllPersonageTableViewCell.swift */,
			);
			path = View;
			sourceTree = "<group>";
		};
		87C3F16928DC807200C43592 /* NetworkSession */ = {
			isa = PBXGroup;
			children = (
				87C3F16728DC806600C43592 /* NetworkManager.swift */,
			);
			path = NetworkSession;
			sourceTree = "<group>";
		};
/* End PBXGroup section */

/* Begin PBXNativeTarget section */
		877921E428D86304005ED976 /* JSON */ = {
			isa = PBXNativeTarget;
			buildConfigurationList = 877921F928D86304005ED976 /* Build configuration list for PBXNativeTarget "JSON" */;
			buildPhases = (
				877921E128D86304005ED976 /* Sources */,
				877921E228D86304005ED976 /* Frameworks */,
				877921E328D86304005ED976 /* Resources */,
			);
			buildRules = (
			);
			dependencies = (
			);
			name = JSON;
			packageProductDependencies = (
				87DE3E8328E0951B00361D9F /* Alamofire */,
			);
			productName = JSON;
			productReference = 877921E528D86304005ED976 /* JSON.app */;
			productType = "com.apple.product-type.application";
		};
/* End PBXNativeTarget section */

/* Begin PBXProject section */
		877921DD28D86304005ED976 /* Project object */ = {
			isa = PBXProject;
			attributes = {
				BuildIndependentTargetsInParallel = 1;
				LastSwiftUpdateCheck = 1340;
				LastUpgradeCheck = 1340;
				TargetAttributes = {
					877921E428D86304005ED976 = {
						CreatedOnToolsVersion = 13.4.1;
					};
				};
			};
			buildConfigurationList = 877921E028D86304005ED976 /* Build configuration list for PBXProject "JSON" */;
			compatibilityVersion = "Xcode 13.0";
			developmentRegion = en;
			hasScannedForEncodings = 0;
			knownRegions = (
				en,
				Base,
			);
			mainGroup = 877921DC28D86304005ED976;
			packageReferences = (
				87DE3E8228E0951B00361D9F /* XCRemoteSwiftPackageReference "Alamofire" */,
			);
			productRefGroup = 877921E628D86304005ED976 /* Products */;
			projectDirPath = "";
			projectRoot = "";
			targets = (
				877921E428D86304005ED976 /* JSON */,
			);
		};
/* End PBXProject section */

/* Begin PBXResourcesBuildPhase section */
		877921E328D86304005ED976 /* Resources */ = {
			isa = PBXResourcesBuildPhase;
			buildActionMask = 2147483647;
			files = (
				877921F528D86304005ED976 /* LaunchScreen.storyboard in Resources */,
				877921F228D86304005ED976 /* Assets.xcassets in Resources */,
				877921F028D86304005ED976 /* Main.storyboard in Resources */,
			);
			runOnlyForDeploymentPostprocessing = 0;
		};
/* End PBXResourcesBuildPhase section */

/* Begin PBXSourcesBuildPhase section */
		877921E128D86304005ED976 /* Sources */ = {
			isa = PBXSourcesBuildPhase;
			buildActionMask = 2147483647;
			files = (
				8779220828D87B58005ED976 /* UserActionCell.swift in Sources */,
				8779220428D866B0005ED976 /* MainViewController.swift in Sources */,
				87C3F16628DC7C9D00C43592 /* DescriptionAllPersonageTableViewController.swift in Sources */,
				877921E928D86304005ED976 /* AppDelegate.swift in Sources */,
				87C3F16828DC806600C43592 /* NetworkManager.swift in Sources */,
				87C3F16D28DCE78F00C43592 /* PersonageViewController.swift in Sources */,
				8779220628D870D1005ED976 /* Personage.swift in Sources */,
				87C712C728D8836900B2B5E4 /* ImageViewController.swift in Sources */,
				87C3F16B28DC8EB300C43592 /* DescriptionAllPersonageTableViewCell.swift in Sources */,
				877921EB28D86304005ED976 /* SceneDelegate.swift in Sources */,
			);
			runOnlyForDeploymentPostprocessing = 0;
		};
/* End PBXSourcesBuildPhase section */

/* Begin PBXVariantGroup section */
		877921EE28D86304005ED976 /* Main.storyboard */ = {
			isa = PBXVariantGroup;
			children = (
				877921EF28D86304005ED976 /* Base */,
			);
			name = Main.storyboard;
			sourceTree = "<group>";
		};
		877921F328D86304005ED976 /* LaunchScreen.storyboard */ = {
			isa = PBXVariantGroup;
			children = (
				877921F428D86304005ED976 /* Base */,
			);
			name = LaunchScreen.storyboard;
			sourceTree = "<group>";
		};
/* End PBXVariantGroup section */

/* Begin XCBuildConfiguration section */
		877921F728D86304005ED976 /* Debug */ = {
			isa = XCBuildConfiguration;
			buildSettings = {
				ALWAYS_SEARCH_USER_PATHS = NO;
				CLANG_ANALYZER_NONNULL = YES;
				CLANG_ANALYZER_NUMBER_OBJECT_CONVERSION = YES_AGGRESSIVE;
				CLANG_CXX_LANGUAGE_STANDARD = "gnu++17";
				CLANG_ENABLE_MODULES = YES;
				CLANG_ENABLE_OBJC_ARC = YES;
				CLANG_ENABLE_OBJC_WEAK = YES;
				CLANG_WARN_BLOCK_CAPTURE_AUTORELEASING = YES;
				CLANG_WARN_BOOL_CONVERSION = YES;
				CLANG_WARN_COMMA = YES;
				CLANG_WARN_CONSTANT_CONVERSION = YES;
				CLANG_WARN_DEPRECATED_OBJC_IMPLEMENTATIONS = YES;
				CLANG_WARN_DIRECT_OBJC_ISA_USAGE = YES_ERROR;
				CLANG_WARN_DOCUMENTATION_COMMENTS = YES;
				CLANG_WARN_EMPTY_BODY = YES;
				CLANG_WARN_ENUM_CONVERSION = YES;
				CLANG_WARN_INFINITE_RECURSION = YES;
				CLANG_WARN_INT_CONVERSION = YES;
				CLANG_WARN_NON_LITERAL_NULL_CONVERSION = YES;
				CLANG_WARN_OBJC_IMPLICIT_RETAIN_SELF = YES;
				CLANG_WARN_OBJC_LITERAL_CONVERSION = YES;
				CLANG_WARN_OBJC_ROOT_CLASS = YES_ERROR;
				CLANG_WARN_QUOTED_INCLUDE_IN_FRAMEWORK_HEADER = YES;
				CLANG_WARN_RANGE_LOOP_ANALYSIS = YES;
				CLANG_WARN_STRICT_PROTOTYPES = YES;
				CLANG_WARN_SUSPICIOUS_MOVE = YES;
				CLANG_WARN_UNGUARDED_AVAILABILITY = YES_AGGRESSIVE;
				CLANG_WARN_UNREACHABLE_CODE = YES;
				CLANG_WARN__DUPLICATE_METHOD_MATCH = YES;
				COPY_PHASE_STRIP = NO;
				DEBUG_INFORMATION_FORMAT = dwarf;
				ENABLE_STRICT_OBJC_MSGSEND = YES;
				ENABLE_TESTABILITY = YES;
				GCC_C_LANGUAGE_STANDARD = gnu11;
				GCC_DYNAMIC_NO_PIC = NO;
				GCC_NO_COMMON_BLOCKS = YES;
				GCC_OPTIMIZATION_LEVEL = 0;
				GCC_PREPROCESSOR_DEFINITIONS = (
					"DEBUG=1",
					"$(inherited)",
				);
				GCC_WARN_64_TO_32_BIT_CONVERSION = YES;
				GCC_WARN_ABOUT_RETURN_TYPE = YES_ERROR;
				GCC_WARN_UNDECLARED_SELECTOR = YES;
				GCC_WARN_UNINITIALIZED_AUTOS = YES_AGGRESSIVE;
				GCC_WARN_UNUSED_FUNCTION = YES;
				GCC_WARN_UNUSED_VARIABLE = YES;
				IPHONEOS_DEPLOYMENT_TARGET = 15.5;
				MTL_ENABLE_DEBUG_INFO = INCLUDE_SOURCE;
				MTL_FAST_MATH = YES;
				ONLY_ACTIVE_ARCH = YES;
				SDKROOT = iphoneos;
				SWIFT_ACTIVE_COMPILATION_CONDITIONS = DEBUG;
				SWIFT_OPTIMIZATION_LEVEL = "-Onone";
			};
			name = Debug;
		};
		877921F828D86304005ED976 /* Release */ = {
			isa = XCBuildConfiguration;
			buildSettings = {
				ALWAYS_SEARCH_USER_PATHS = NO;
				CLANG_ANALYZER_NONNULL = YES;
				CLANG_ANALYZER_NUMBER_OBJECT_CONVERSION = YES_AGGRESSIVE;
				CLANG_CXX_LANGUAGE_STANDARD = "gnu++17";
				CLANG_ENABLE_MODULES = YES;
				CLANG_ENABLE_OBJC_ARC = YES;
				CLANG_ENABLE_OBJC_WEAK = YES;
				CLANG_WARN_BLOCK_CAPTURE_AUTORELEASING = YES;
				CLANG_WARN_BOOL_CONVERSION = YES;
				CLANG_WARN_COMMA = YES;
				CLANG_WARN_CONSTANT_CONVERSION = YES;
				CLANG_WARN_DEPRECATED_OBJC_IMPLEMENTATIONS = YES;
				CLANG_WARN_DIRECT_OBJC_ISA_USAGE = YES_ERROR;
				CLANG_WARN_DOCUMENTATION_COMMENTS = YES;
				CLANG_WARN_EMPTY_BODY = YES;
				CLANG_WARN_ENUM_CONVERSION = YES;
				CLANG_WARN_INFINITE_RECURSION = YES;
				CLANG_WARN_INT_CONVERSION = YES;
				CLANG_WARN_NON_LITERAL_NULL_CONVERSION = YES;
				CLANG_WARN_OBJC_IMPLICIT_RETAIN_SELF = YES;
				CLANG_WARN_OBJC_LITERAL_CONVERSION = YES;
				CLANG_WARN_OBJC_ROOT_CLASS = YES_ERROR;
				CLANG_WARN_QUOTED_INCLUDE_IN_FRAMEWORK_HEADER = YES;
				CLANG_WARN_RANGE_LOOP_ANALYSIS = YES;
				CLANG_WARN_STRICT_PROTOTYPES = YES;
				CLANG_WARN_SUSPICIOUS_MOVE = YES;
				CLANG_WARN_UNGUARDED_AVAILABILITY = YES_AGGRESSIVE;
				CLANG_WARN_UNREACHABLE_CODE = YES;
				CLANG_WARN__DUPLICATE_METHOD_MATCH = YES;
				COPY_PHASE_STRIP = NO;
				DEBUG_INFORMATION_FORMAT = "dwarf-with-dsym";
				ENABLE_NS_ASSERTIONS = NO;
				ENABLE_STRICT_OBJC_MSGSEND = YES;
				GCC_C_LANGUAGE_STANDARD = gnu11;
				GCC_NO_COMMON_BLOCKS = YES;
				GCC_WARN_64_TO_32_BIT_CONVERSION = YES;
				GCC_WARN_ABOUT_RETURN_TYPE = YES_ERROR;
				GCC_WARN_UNDECLARED_SELECTOR = YES;
				GCC_WARN_UNINITIALIZED_AUTOS = YES_AGGRESSIVE;
				GCC_WARN_UNUSED_FUNCTION = YES;
				GCC_WARN_UNUSED_VARIABLE = YES;
				IPHONEOS_DEPLOYMENT_TARGET = 15.5;
				MTL_ENABLE_DEBUG_INFO = NO;
				MTL_FAST_MATH = YES;
				SDKROOT = iphoneos;
				SWIFT_COMPILATION_MODE = wholemodule;
				SWIFT_OPTIMIZATION_LEVEL = "-O";
				VALIDATE_PRODUCT = YES;
			};
			name = Release;
		};
		877921FA28D86304005ED976 /* Debug */ = {
			isa = XCBuildConfiguration;
			buildSettings = {
				ASSETCATALOG_COMPILER_APPICON_NAME = AppIcon;
				ASSETCATALOG_COMPILER_GLOBAL_ACCENT_COLOR_NAME = AccentColor;
				CODE_SIGN_STYLE = Automatic;
				CURRENT_PROJECT_VERSION = 1;
				DEVELOPMENT_TEAM = S5QF774VV5;
				GENERATE_INFOPLIST_FILE = YES;
				INFOPLIST_FILE = JSON/App/Info.plist;
				INFOPLIST_KEY_UIApplicationSupportsIndirectInputEvents = YES;
				INFOPLIST_KEY_UILaunchStoryboardName = LaunchScreen;
				INFOPLIST_KEY_UIMainStoryboardFile = Main;
				INFOPLIST_KEY_UISupportedInterfaceOrientations_iPad = "UIInterfaceOrientationPortrait UIInterfaceOrientationPortraitUpsideDown UIInterfaceOrientationLandscapeLeft UIInterfaceOrientationLandscapeRight";
				INFOPLIST_KEY_UISupportedInterfaceOrientations_iPhone = "UIInterfaceOrientationPortrait UIInterfaceOrientationLandscapeLeft UIInterfaceOrientationLandscapeRight";
				LD_RUNPATH_SEARCH_PATHS = (
					"$(inherited)",
					"@executable_path/Frameworks",
				);
				MARKETING_VERSION = 1.0;
				PRODUCT_BUNDLE_IDENTIFIER = ru.SwiftBook.JSON;
				PRODUCT_NAME = "$(TARGET_NAME)";
				SWIFT_EMIT_LOC_STRINGS = YES;
				SWIFT_VERSION = 5.0;
				TARGETED_DEVICE_FAMILY = 1;
			};
			name = Debug;
		};
		877921FB28D86304005ED976 /* Release */ = {
			isa = XCBuildConfiguration;
			buildSettings = {
				ASSETCATALOG_COMPILER_APPICON_NAME = AppIcon;
				ASSETCATALOG_COMPILER_GLOBAL_ACCENT_COLOR_NAME = AccentColor;
				CODE_SIGN_STYLE = Automatic;
				CURRENT_PROJECT_VERSION = 1;
				DEVELOPMENT_TEAM = S5QF774VV5;
				GENERATE_INFOPLIST_FILE = YES;
				INFOPLIST_FILE = JSON/App/Info.plist;
				INFOPLIST_KEY_UIApplicationSupportsIndirectInputEvents = YES;
				INFOPLIST_KEY_UILaunchStoryboardName = LaunchScreen;
				INFOPLIST_KEY_UIMainStoryboardFile = Main;
				INFOPLIST_KEY_UISupportedInterfaceOrientations_iPad = "UIInterfaceOrientationPortrait UIInterfaceOrientationPortraitUpsideDown UIInterfaceOrientationLandscapeLeft UIInterfaceOrientationLandscapeRight";
				INFOPLIST_KEY_UISupportedInterfaceOrientations_iPhone = "UIInterfaceOrientationPortrait UIInterfaceOrientationLandscapeLeft UIInterfaceOrientationLandscapeRight";
				LD_RUNPATH_SEARCH_PATHS = (
					"$(inherited)",
					"@executable_path/Frameworks",
				);
				MARKETING_VERSION = 1.0;
				PRODUCT_BUNDLE_IDENTIFIER = ru.SwiftBook.JSON;
				PRODUCT_NAME = "$(TARGET_NAME)";
				SWIFT_EMIT_LOC_STRINGS = YES;
				SWIFT_VERSION = 5.0;
				TARGETED_DEVICE_FAMILY = 1;
			};
			name = Release;
		};
/* End XCBuildConfiguration section */

/* Begin XCConfigurationList section */
		877921E028D86304005ED976 /* Build configuration list for PBXProject "JSON" */ = {
			isa = XCConfigurationList;
			buildConfigurations = (
				877921F728D86304005ED976 /* Debug */,
				877921F828D86304005ED976 /* Release */,
			);
			defaultConfigurationIsVisible = 0;
			defaultConfigurationName = Release;
		};
		877921F928D86304005ED976 /* Build configuration list for PBXNativeTarget "JSON" */ = {
			isa = XCConfigurationList;
			buildConfigurations = (
				877921FA28D86304005ED976 /* Debug */,
				877921FB28D86304005ED976 /* Release */,
			);
			defaultConfigurationIsVisible = 0;
			defaultConfigurationName = Release;
		};
/* End XCConfigurationList section */

/* Begin XCRemoteSwiftPackageReference section */
		87DE3E8228E0951B00361D9F /* XCRemoteSwiftPackageReference "Alamofire" */ = {
			isa = XCRemoteSwiftPackageReference;
			repositoryURL = "https://github.com/Alamofire/Alamofire.git";
			requirement = {
				kind = upToNextMajorVersion;
				minimumVersion = 5.0.0;
			};
		};
/* End XCRemoteSwiftPackageReference section */

/* Begin XCSwiftPackageProductDependency section */
		87DE3E8328E0951B00361D9F /* Alamofire */ = {
			isa = XCSwiftPackageProductDependency;
			package = 87DE3E8228E0951B00361D9F /* XCRemoteSwiftPackageReference "Alamofire" */;
			productName = Alamofire;
		};
/* End XCSwiftPackageProductDependency section */
	};
	rootObject = 877921DD28D86304005ED976 /* Project object */;
}
